
Microsoft Visual Studio Solution File, Format Version 12.00
# Visual Studio 15
VisualStudioVersion = 15.0.26730.3
MinimumVisualStudioVersion = 10.0.40219.1
Project("{9A19103F-16F7-4668-BE54-9A1E7A4F7556}") = "E_TransferWebApi", "E_TransferWebApi\E_TransferWebApi.csproj", "{50654E39-E7C2-4E47-98F0-B5E32DCAFA1E}"
EndProject
Project("{9A19103F-16F7-4668-BE54-9A1E7A4F7556}") = "XUnitTestProject1", "XUnitTestProject1\XUnitTestProject1.csproj", "{0A9CC139-B482-40E4-940A-B32B8A0D3114}"
EndProject
Project("{FAE04EC0-301F-11D3-BF4B-00C04F79EFBC}") = "AuthenticationWebApi", "AuthenticationWebApi\AuthenticationWebApi.csproj", "{DCCFBF5B-519B-424E-90BB-5835F157D5D0}"
EndProject
Global
	GlobalSection(SolutionConfigurationPlatforms) = preSolution
		Debug|Any CPU = Debug|Any CPU
		Release|Any CPU = Release|Any CPU
	EndGlobalSection
	GlobalSection(ProjectConfigurationPlatforms) = postSolution
		{50654E39-E7C2-4E47-98F0-B5E32DCAFA1E}.Debug|Any CPU.ActiveCfg = Debug|Any CPU
		{50654E39-E7C2-4E47-98F0-B5E32DCAFA1E}.Debug|Any CPU.Build.0 = Debug|Any CPU
		{50654E39-E7C2-4E47-98F0-B5E32DCAFA1E}.Release|Any CPU.ActiveCfg = Release|Any CPU
		{50654E39-E7C2-4E47-98F0-B5E32DCAFA1E}.Release|Any CPU.Build.0 = Release|Any CPU
		{0A9CC139-B482-40E4-940A-B32B8A0D3114}.Debug|Any CPU.ActiveCfg = Debug|Any CPU
		{0A9CC139-B482-40E4-940A-B32B8A0D3114}.Debug|Any CPU.Build.0 = Debug|Any CPU
		{0A9CC139-B482-40E4-940A-B32B8A0D3114}.Release|Any CPU.ActiveCfg = Release|Any CPU
		{0A9CC139-B482-40E4-940A-B32B8A0D3114}.Release|Any CPU.Build.0 = Release|Any CPU
		{DCCFBF5B-519B-424E-90BB-5835F157D5D0}.Debug|Any CPU.ActiveCfg = Debug|Any CPU
		{DCCFBF5B-519B-424E-90BB-5835F157D5D0}.Debug|Any CPU.Build.0 = Debug|Any CPU
		{DCCFBF5B-519B-424E-90BB-5835F157D5D0}.Release|Any CPU.ActiveCfg = Release|Any CPU
		{DCCFBF5B-519B-424E-90BB-5835F157D5D0}.Release|Any CPU.Build.0 = Release|Any CPU
	EndGlobalSection
	GlobalSection(SolutionProperties) = preSolution
		HideSolutionNode = FALSE
	EndGlobalSection
	GlobalSection(ExtensibilityGlobals) = postSolution
		SolutionGuid = {204DCCA1-A911-4B80-BE69-25B3A03375F0}
	EndGlobalSection
EndGlobal
